
Microsoft Visual Studio Solution File, Format Version 12.00
# Visual Studio Version 17
VisualStudioVersion = 17.1.32421.90
MinimumVisualStudioVersion = 10.0.40219.1
Project("{888888A0-9F3D-457C-B088-3A5042F75D52}") = "MainServise", "MainServise.pyproj", "{86BECCF0-AE17-4A29-9F04-15CE0188A826}"
EndProject
Global
	GlobalSection(SolutionConfigurationPlatforms) = preSolution
		Debug|Any CPU = Debug|Any CPU
		Release|Any CPU = Release|Any CPU
	EndGlobalSection
	GlobalSection(ProjectConfigurationPlatforms) = postSolution
		{86BECCF0-AE17-4A29-9F04-15CE0188A826}.Debug|Any CPU.ActiveCfg = Debug|Any CPU
		{86BECCF0-AE17-4A29-9F04-15CE0188A826}.Debug|Any CPU.Build.0 = Debug|Any CPU
		{86BECCF0-AE17-4A29-9F04-15CE0188A826}.Release|Any CPU.ActiveCfg = Release|Any CPU
		{86BECCF0-AE17-4A29-9F04-15CE0188A826}.Release|Any CPU.Build.0 = Release|Any CPU
	EndGlobalSection
	GlobalSection(SolutionProperties) = preSolution
		HideSolutionNode = FALSE
	EndGlobalSection
	GlobalSection(ExtensibilityGlobals) = postSolution
		SolutionGuid = {0649550E-7D88-4554-8C9D-CA8A86E3E72C}
	EndGlobalSection
EndGlobal
